
Microsoft Visual Studio Solution File, Format Version 12.00
# Visual Studio Version 17
VisualStudioVersion = 17.10.35013.160
MinimumVisualStudioVersion = 10.0.40219.1
Project("{9A19103F-16F7-4668-BE54-9A1E7A4F7556}") = "Domain", "Domain\Domain.csproj", "{98DB52E9-4273-43CD-9296-3641C6DDC67E}"
EndProject
Project("{9A19103F-16F7-4668-BE54-9A1E7A4F7556}") = "DataAccess", "DataAccess\DataAccess.csproj", "{5EC71DD3-C043-4FE1-B082-15BC638DD317}"
	ProjectSection(ProjectDependencies) = postProject
		{98DB52E9-4273-43CD-9296-3641C6DDC67E} = {98DB52E9-4273-43CD-9296-3641C6DDC67E}
	EndProjectSection
EndProject
Project("{9A19103F-16F7-4668-BE54-9A1E7A4F7556}") = "Services", "Services\Services.csproj", "{4875302D-5E41-4409-8768-5A5A7B5B564B}"
	ProjectSection(ProjectDependencies) = postProject
		{98DB52E9-4273-43CD-9296-3641C6DDC67E} = {98DB52E9-4273-43CD-9296-3641C6DDC67E}
	EndProjectSection
EndProject
Project("{9A19103F-16F7-4668-BE54-9A1E7A4F7556}") = "Seeder", "Seeder\Seeder.csproj", "{885409BD-6730-4EF0-9AD8-B3FE80AE6BDA}"
	ProjectSection(ProjectDependencies) = postProject
		{4875302D-5E41-4409-8768-5A5A7B5B564B} = {4875302D-5E41-4409-8768-5A5A7B5B564B}
		{5EC71DD3-C043-4FE1-B082-15BC638DD317} = {5EC71DD3-C043-4FE1-B082-15BC638DD317}
		{98DB52E9-4273-43CD-9296-3641C6DDC67E} = {98DB52E9-4273-43CD-9296-3641C6DDC67E}
	EndProjectSection
EndProject
Project("{9A19103F-16F7-4668-BE54-9A1E7A4F7556}") = "UnitTesting", "UnitTesting\UnitTesting.csproj", "{F628468D-C3BB-4357-94C3-5790F50D3E96}"
EndProject
Project("{9A19103F-16F7-4668-BE54-9A1E7A4F7556}") = "BetsApi", "BetsApi\BetsApi.csproj", "{013A3C47-7CCB-4248-A41C-51B39A52CA8B}"
EndProject
Global
	GlobalSection(SolutionConfigurationPlatforms) = preSolution
		Debug|Any CPU = Debug|Any CPU
		Release|Any CPU = Release|Any CPU
	EndGlobalSection
	GlobalSection(ProjectConfigurationPlatforms) = postSolution
		{98DB52E9-4273-43CD-9296-3641C6DDC67E}.Debug|Any CPU.ActiveCfg = Debug|Any CPU
		{98DB52E9-4273-43CD-9296-3641C6DDC67E}.Debug|Any CPU.Build.0 = Debug|Any CPU
		{98DB52E9-4273-43CD-9296-3641C6DDC67E}.Release|Any CPU.ActiveCfg = Release|Any CPU
		{98DB52E9-4273-43CD-9296-3641C6DDC67E}.Release|Any CPU.Build.0 = Release|Any CPU
		{5EC71DD3-C043-4FE1-B082-15BC638DD317}.Debug|Any CPU.ActiveCfg = Debug|Any CPU
		{5EC71DD3-C043-4FE1-B082-15BC638DD317}.Debug|Any CPU.Build.0 = Debug|Any CPU
		{5EC71DD3-C043-4FE1-B082-15BC638DD317}.Release|Any CPU.ActiveCfg = Release|Any CPU
		{5EC71DD3-C043-4FE1-B082-15BC638DD317}.Release|Any CPU.Build.0 = Release|Any CPU
		{4875302D-5E41-4409-8768-5A5A7B5B564B}.Debug|Any CPU.ActiveCfg = Debug|Any CPU
		{4875302D-5E41-4409-8768-5A5A7B5B564B}.Debug|Any CPU.Build.0 = Debug|Any CPU
		{4875302D-5E41-4409-8768-5A5A7B5B564B}.Release|Any CPU.ActiveCfg = Release|Any CPU
		{4875302D-5E41-4409-8768-5A5A7B5B564B}.Release|Any CPU.Build.0 = Release|Any CPU
		{885409BD-6730-4EF0-9AD8-B3FE80AE6BDA}.Debug|Any CPU.ActiveCfg = Debug|Any CPU
		{885409BD-6730-4EF0-9AD8-B3FE80AE6BDA}.Debug|Any CPU.Build.0 = Debug|Any CPU
		{885409BD-6730-4EF0-9AD8-B3FE80AE6BDA}.Release|Any CPU.ActiveCfg = Release|Any CPU
		{885409BD-6730-4EF0-9AD8-B3FE80AE6BDA}.Release|Any CPU.Build.0 = Release|Any CPU
		{F628468D-C3BB-4357-94C3-5790F50D3E96}.Debug|Any CPU.ActiveCfg = Debug|Any CPU
		{F628468D-C3BB-4357-94C3-5790F50D3E96}.Debug|Any CPU.Build.0 = Debug|Any CPU
		{F628468D-C3BB-4357-94C3-5790F50D3E96}.Release|Any CPU.ActiveCfg = Release|Any CPU
		{F628468D-C3BB-4357-94C3-5790F50D3E96}.Release|Any CPU.Build.0 = Release|Any CPU
		{013A3C47-7CCB-4248-A41C-51B39A52CA8B}.Debug|Any CPU.ActiveCfg = Debug|Any CPU
		{013A3C47-7CCB-4248-A41C-51B39A52CA8B}.Debug|Any CPU.Build.0 = Debug|Any CPU
		{013A3C47-7CCB-4248-A41C-51B39A52CA8B}.Release|Any CPU.ActiveCfg = Release|Any CPU
		{013A3C47-7CCB-4248-A41C-51B39A52CA8B}.Release|Any CPU.Build.0 = Release|Any CPU
	EndGlobalSection
	GlobalSection(SolutionProperties) = preSolution
		HideSolutionNode = FALSE
	EndGlobalSection
	GlobalSection(ExtensibilityGlobals) = postSolution
		SolutionGuid = {7C9AE7DA-3020-4CC1-8755-E89903AB2554}
	EndGlobalSection
EndGlobal
