
Microsoft Visual Studio Solution File, Format Version 12.00
# Visual Studio Version 17
VisualStudioVersion = 17.10.35013.160
MinimumVisualStudioVersion = 10.0.40219.1
Project("{FAE04EC0-301F-11D3-BF4B-00C04F79EFBC}") = "Bets", "Bets\Bets.csproj", "{8C8AF284-F1CD-4853-AB04-93A4F7F894A6}"
EndProject
Global
	GlobalSection(SolutionConfigurationPlatforms) = preSolution
		Debug|Any CPU = Debug|Any CPU
		Release|Any CPU = Release|Any CPU
	EndGlobalSection
	GlobalSection(ProjectConfigurationPlatforms) = postSolution
		{8C8AF284-F1CD-4853-AB04-93A4F7F894A6}.Debug|Any CPU.ActiveCfg = Debug|Any CPU
		{8C8AF284-F1CD-4853-AB04-93A4F7F894A6}.Debug|Any CPU.Build.0 = Debug|Any CPU
		{8C8AF284-F1CD-4853-AB04-93A4F7F894A6}.Release|Any CPU.ActiveCfg = Release|Any CPU
		{8C8AF284-F1CD-4853-AB04-93A4F7F894A6}.Release|Any CPU.Build.0 = Release|Any CPU
	EndGlobalSection
	GlobalSection(SolutionProperties) = preSolution
		HideSolutionNode = FALSE
	EndGlobalSection
	GlobalSection(ExtensibilityGlobals) = postSolution
		SolutionGuid = {47043B5E-9304-4F2C-AF68-43BE1A769F92}
	EndGlobalSection
EndGlobal
