
Microsoft Visual Studio Solution File, Format Version 12.00
# Visual Studio Version 17
VisualStudioVersion = 17.10.35013.160
MinimumVisualStudioVersion = 10.0.40219.1
Project("{9A19103F-16F7-4668-BE54-9A1E7A4F7556}") = "BetsApi", "BetsApi.csproj", "{DFC0B00B-7FA1-40CD-9AD2-4A33095AD599}"
EndProject
Global
	GlobalSection(SolutionConfigurationPlatforms) = preSolution
		Debug|Any CPU = Debug|Any CPU
		Release|Any CPU = Release|Any CPU
	EndGlobalSection
	GlobalSection(ProjectConfigurationPlatforms) = postSolution
		{DFC0B00B-7FA1-40CD-9AD2-4A33095AD599}.Debug|Any CPU.ActiveCfg = Debug|Any CPU
		{DFC0B00B-7FA1-40CD-9AD2-4A33095AD599}.Debug|Any CPU.Build.0 = Debug|Any CPU
		{DFC0B00B-7FA1-40CD-9AD2-4A33095AD599}.Release|Any CPU.ActiveCfg = Release|Any CPU
		{DFC0B00B-7FA1-40CD-9AD2-4A33095AD599}.Release|Any CPU.Build.0 = Release|Any CPU
	EndGlobalSection
	GlobalSection(SolutionProperties) = preSolution
		HideSolutionNode = FALSE
	EndGlobalSection
	GlobalSection(ExtensibilityGlobals) = postSolution
		SolutionGuid = {6A6340AD-8FE4-41EC-859C-81C3B01579EE}
	EndGlobalSection
EndGlobal
